Microsoft Visual Studio Solution File, Format Version 12.00
# Visual Studio Version 17
VisualStudioVersion = 17.2.32526.322
MinimumVisualStudioVersion = 10.0.40219.1
Project("{2150E333-8FDC-42A3-9474-1A3956D46DE8}") = "Library", "Library", "{E20ADC28-C578-4EF4-A6A2-18DCE2C40984}"
EndProject
Project("{2150E333-8FDC-42A3-9474-1A3956D46DE8}") = "Utilities", "Utilities", "{ACF7813E-5C0D-4900-BAD6-4169A2E013AE}"
EndProject
Project("{2150E333-8FDC-42A3-9474-1A3956D46DE8}") = "Tests", "Tests", "{94C9C1CB-7CD2-4327-AEC0-DDE375C85CEF}"
EndProject
Project("{9A19103F-16F7-4668-BE54-9A1E7A4F7556}") = "DiscUtils.Core", "Library\DiscUtils.Core\DiscUtils.Core.csproj", "{1D40DF20-B233-4A06-965D-60C37410234D}"
EndProject
Project("{9A19103F-16F7-4668-BE54-9A1E7A4F7556}") = "DiscUtils.Common", "Utilities\DiscUtils.Common\DiscUtils.Common.csproj", "{17D2A977-E3C8-4492-9B56-548D51A38B00}"
EndProject
Project("{9A19103F-16F7-4668-BE54-9A1E7A4F7556}") = "DiscUtils.Diagnostics", "Utilities\DiscUtils.Diagnostics\DiscUtils.Diagnostics.csproj", "{C433653E-9061-40E6-858D-EDCB64E9A8DE}"
EndProject
Project("{9A19103F-16F7-4668-BE54-9A1E7A4F7556}") = "ExternalFileSystem", "Utilities\ExternalFileSystem\ExternalFileSystem.csproj", "{9EA7DF53-A9FF-4287-BF1F-F22C5DEA57A8}"
EndProject
Project("{9A19103F-16F7-4668-BE54-9A1E7A4F7556}") = "LibraryTests", "Tests\LibraryTests\LibraryTests.csproj", "{772C6E51-8C0F-4C8C-8025-DF81BF6FB06A}"
EndProject
Project("{9A19103F-16F7-4668-BE54-9A1E7A4F7556}") = "DiscUtils", "Library\DiscUtils\DiscUtils.csproj", "{B32B821C-E6AA-4B26-8721-4CCE98C4180D}"
EndProject
Project("{9A19103F-16F7-4668-BE54-9A1E7A4F7556}") = "DiscUtils.FileSystems", "Library\DiscUtils.FileSystems\DiscUtils.FileSystems.csproj", "{502B3303-640C-4176-9EB6-D48065B74D1C}"
EndProject
Project("{9A19103F-16F7-4668-BE54-9A1E7A4F7556}") = "DiscUtils.HfsPlus", "Library\DiscUtils.HfsPlus\DiscUtils.HfsPlus.csproj", "{44F65897-A810-44E0-87C8-A27EDB7F660E}"
EndProject
Project("{9A19103F-16F7-4668-BE54-9A1E7A4F7556}") = "DiscUtils.Streams", "Library\DiscUtils.Streams\DiscUtils.Streams.csproj", "{A17F10BD-E853-4397-8F2B-FC44431F63DF}"
EndProject
Project("{2150E333-8FDC-42A3-9474-1A3956D46DE8}") = "Solution Items", "Solution Items", "{69329D18-A45F-4055-AE45-4CC048470335}"
	ProjectSection(SolutionItems) = preProject
		Directory.Build.props = Directory.Build.props
		README.md = README.md
	EndProjectSection
EndProject
Project("{2150E333-8FDC-42A3-9474-1A3956D46DE8}") = "Utilities", "Utilities", "{47342984-3E8B-46C6-8509-015FB0EF465A}"
	ProjectSection(SolutionItems) = preProject
		Utilities\common-utilities.props = Utilities\common-utilities.props
	EndProjectSection
EndProject
Project("{2150E333-8FDC-42A3-9474-1A3956D46DE8}") = "Library", "Library", "{4A85443A-9720-43C2-9EE3-781D513E84AB}"
	ProjectSection(SolutionItems) = preProject
		Library\common-library.props = Library\common-library.props
	EndProjectSection
EndProject
Project("{2150E333-8FDC-42A3-9474-1A3956D46DE8}") = "Tests", "Tests", "{01CE6ECD-B864-4D57-9E69-8F3B86851668}"
	ProjectSection(SolutionItems) = preProject
		Tests\common-tests.props = Tests\common-tests.props
	EndProjectSection
EndProject
Global
	GlobalSection(SolutionConfigurationPlatforms) = preSolution
		Debug|Any CPU = Debug|Any CPU
		Release|Any CPU = Release|Any CPU
	EndGlobalSection
	GlobalSection(ProjectConfigurationPlatforms) = postSolution
		{1D40DF20-B233-4A06-965D-60C37410234D}.Debug|Any CPU.ActiveCfg = Debug|Any CPU
		{1D40DF20-B233-4A06-965D-60C37410234D}.Debug|Any CPU.Build.0 = Debug|Any CPU
		{1D40DF20-B233-4A06-965D-60C37410234D}.Release|Any CPU.ActiveCfg = Release|Any CPU
		{1D40DF20-B233-4A06-965D-60C37410234D}.Release|Any CPU.Build.0 = Release|Any CPU
		{17D2A977-E3C8-4492-9B56-548D51A38B00}.Debug|Any CPU.ActiveCfg = Debug|Any CPU
		{17D2A977-E3C8-4492-9B56-548D51A38B00}.Debug|Any CPU.Build.0 = Debug|Any CPU
		{17D2A977-E3C8-4492-9B56-548D51A38B00}.Release|Any CPU.ActiveCfg = Release|Any CPU
		{17D2A977-E3C8-4492-9B56-548D51A38B00}.Release|Any CPU.Build.0 = Release|Any CPU
		{C433653E-9061-40E6-858D-EDCB64E9A8DE}.Debug|Any CPU.ActiveCfg = Debug|Any CPU
		{C433653E-9061-40E6-858D-EDCB64E9A8DE}.Debug|Any CPU.Build.0 = Debug|Any CPU
		{C433653E-9061-40E6-858D-EDCB64E9A8DE}.Release|Any CPU.ActiveCfg = Release|Any CPU
		{C433653E-9061-40E6-858D-EDCB64E9A8DE}.Release|Any CPU.Build.0 = Release|Any CPU
		{9EA7DF53-A9FF-4287-BF1F-F22C5DEA57A8}.Debug|Any CPU.ActiveCfg = Debug|Any CPU
		{9EA7DF53-A9FF-4287-BF1F-F22C5DEA57A8}.Debug|Any CPU.Build.0 = Debug|Any CPU
		{9EA7DF53-A9FF-4287-BF1F-F22C5DEA57A8}.Release|Any CPU.ActiveCfg = Release|Any CPU
		{9EA7DF53-A9FF-4287-BF1F-F22C5DEA57A8}.Release|Any CPU.Build.0 = Release|Any CPU
		{772C6E51-8C0F-4C8C-8025-DF81BF6FB06A}.Debug|Any CPU.ActiveCfg = Debug|Any CPU
		{772C6E51-8C0F-4C8C-8025-DF81BF6FB06A}.Debug|Any CPU.Build.0 = Debug|Any CPU
		{772C6E51-8C0F-4C8C-8025-DF81BF6FB06A}.Release|Any CPU.ActiveCfg = Release|Any CPU
		{772C6E51-8C0F-4C8C-8025-DF81BF6FB06A}.Release|Any CPU.Build.0 = Release|Any CPU
		{B32B821C-E6AA-4B26-8721-4CCE98C4180D}.Debug|Any CPU.ActiveCfg = Debug|Any CPU
		{B32B821C-E6AA-4B26-8721-4CCE98C4180D}.Debug|Any CPU.Build.0 = Debug|Any CPU
		{B32B821C-E6AA-4B26-8721-4CCE98C4180D}.Release|Any CPU.ActiveCfg = Release|Any CPU
		{B32B821C-E6AA-4B26-8721-4CCE98C4180D}.Release|Any CPU.Build.0 = Release|Any CPU
		{502B3303-640C-4176-9EB6-D48065B74D1C}.Debug|Any CPU.ActiveCfg = Debug|Any CPU
		{502B3303-640C-4176-9EB6-D48065B74D1C}.Debug|Any CPU.Build.0 = Debug|Any CPU
		{502B3303-640C-4176-9EB6-D48065B74D1C}.Release|Any CPU.ActiveCfg = Release|Any CPU
		{502B3303-640C-4176-9EB6-D48065B74D1C}.Release|Any CPU.Build.0 = Release|Any CPU
		{44F65897-A810-44E0-87C8-A27EDB7F660E}.Debug|Any CPU.ActiveCfg = Debug|Any CPU
		{44F65897-A810-44E0-87C8-A27EDB7F660E}.Debug|Any CPU.Build.0 = Debug|Any CPU
		{44F65897-A810-44E0-87C8-A27EDB7F660E}.Release|Any CPU.ActiveCfg = Release|Any CPU
		{44F65897-A810-44E0-87C8-A27EDB7F660E}.Release|Any CPU.Build.0 = Release|Any CPU
		{A17F10BD-E853-4397-8F2B-FC44431F63DF}.Debug|Any CPU.ActiveCfg = Debug|Any CPU
		{A17F10BD-E853-4397-8F2B-FC44431F63DF}.Debug|Any CPU.Build.0 = Debug|Any CPU
		{A17F10BD-E853-4397-8F2B-FC44431F63DF}.Release|Any CPU.ActiveCfg = Release|Any CPU
		{A17F10BD-E853-4397-8F2B-FC44431F63DF}.Release|Any CPU.Build.0 = Release|Any CPU
	EndGlobalSection
	GlobalSection(SolutionProperties) = preSolution
		HideSolutionNode = FALSE
	EndGlobalSection
	GlobalSection(NestedProjects) = preSolution
		{1D40DF20-B233-4A06-965D-60C37410234D} = {E20ADC28-C578-4EF4-A6A2-18DCE2C40984}
		{17D2A977-E3C8-4492-9B56-548D51A38B00} = {ACF7813E-5C0D-4900-BAD6-4169A2E013AE}
		{C433653E-9061-40E6-858D-EDCB64E9A8DE} = {ACF7813E-5C0D-4900-BAD6-4169A2E013AE}
		{9EA7DF53-A9FF-4287-BF1F-F22C5DEA57A8} = {ACF7813E-5C0D-4900-BAD6-4169A2E013AE}
		{772C6E51-8C0F-4C8C-8025-DF81BF6FB06A} = {94C9C1CB-7CD2-4327-AEC0-DDE375C85CEF}
		{B32B821C-E6AA-4B26-8721-4CCE98C4180D} = {E20ADC28-C578-4EF4-A6A2-18DCE2C40984}
		{502B3303-640C-4176-9EB6-D48065B74D1C} = {E20ADC28-C578-4EF4-A6A2-18DCE2C40984}
		{44F65897-A810-44E0-87C8-A27EDB7F660E} = {E20ADC28-C578-4EF4-A6A2-18DCE2C40984}
		{A17F10BD-E853-4397-8F2B-FC44431F63DF} = {E20ADC28-C578-4EF4-A6A2-18DCE2C40984}
		{47342984-3E8B-46C6-8509-015FB0EF465A} = {69329D18-A45F-4055-AE45-4CC048470335}
		{4A85443A-9720-43C2-9EE3-781D513E84AB} = {69329D18-A45F-4055-AE45-4CC048470335}
		{01CE6ECD-B864-4D57-9E69-8F3B86851668} = {69329D18-A45F-4055-AE45-4CC048470335}
	EndGlobalSection
	GlobalSection(ExtensibilityGlobals) = postSolution
		SolutionGuid = {E33CB8CF-093C-444D-8950-DF55A62FA36E}
	EndGlobalSection
EndGlobal
